
Microsoft Visual Studio Solution File, Format Version 12.00
# Visual Studio Version 17
VisualStudioVersion = 17.14.36603.0
MinimumVisualStudioVersion = 10.0.40219.1
Project("{FAE04EC0-301F-11D3-BF4B-00C04F79EFBC}") = "DataTool", "DataTool\DataTool.csproj", "{B6A3FFA3-9A24-4D1D-9B16-34881EDA2A2F}"
EndProject
Project("{8BC9CEB8-8B4A-11D0-8D11-00A0C91BC942}") = "TestCode", "TestCode\TestCode.vcxproj", "{06A5D602-50D3-41F8-8D42-E90FE2243EF5}"
EndProject
Project("{FAE04EC0-301F-11D3-BF4B-00C04F79EFBC}") = "TestCS", "TestCS\TestCS.csproj", "{469F54EC-4811-405D-90CE-ED002AF4FC9E}"
EndProject
Global
	GlobalSection(SolutionConfigurationPlatforms) = preSolution
		Debug|Any CPU = Debug|Any CPU
		Debug|x64 = Debug|x64
		Debug|x86 = Debug|x86
		Release|Any CPU = Release|Any CPU
		Release|x64 = Release|x64
		Release|x86 = Release|x86
	EndGlobalSection
	GlobalSection(ProjectConfigurationPlatforms) = postSolution
		{B6A3FFA3-9A24-4D1D-9B16-34881EDA2A2F}.Debug|Any CPU.ActiveCfg = Debug|Any CPU
		{B6A3FFA3-9A24-4D1D-9B16-34881EDA2A2F}.Debug|Any CPU.Build.0 = Debug|Any CPU
		{B6A3FFA3-9A24-4D1D-9B16-34881EDA2A2F}.Debug|x64.ActiveCfg = Debug|Any CPU
		{B6A3FFA3-9A24-4D1D-9B16-34881EDA2A2F}.Debug|x64.Build.0 = Debug|Any CPU
		{B6A3FFA3-9A24-4D1D-9B16-34881EDA2A2F}.Debug|x86.ActiveCfg = Debug|Any CPU
		{B6A3FFA3-9A24-4D1D-9B16-34881EDA2A2F}.Debug|x86.Build.0 = Debug|Any CPU
		{B6A3FFA3-9A24-4D1D-9B16-34881EDA2A2F}.Release|Any CPU.ActiveCfg = Release|Any CPU
		{B6A3FFA3-9A24-4D1D-9B16-34881EDA2A2F}.Release|Any CPU.Build.0 = Release|Any CPU
		{B6A3FFA3-9A24-4D1D-9B16-34881EDA2A2F}.Release|x64.ActiveCfg = Release|Any CPU
		{B6A3FFA3-9A24-4D1D-9B16-34881EDA2A2F}.Release|x64.Build.0 = Release|Any CPU
		{B6A3FFA3-9A24-4D1D-9B16-34881EDA2A2F}.Release|x86.ActiveCfg = Release|Any CPU
		{B6A3FFA3-9A24-4D1D-9B16-34881EDA2A2F}.Release|x86.Build.0 = Release|Any CPU
		{06A5D602-50D3-41F8-8D42-E90FE2243EF5}.Debug|Any CPU.ActiveCfg = Debug|x64
		{06A5D602-50D3-41F8-8D42-E90FE2243EF5}.Debug|Any CPU.Build.0 = Debug|x64
		{06A5D602-50D3-41F8-8D42-E90FE2243EF5}.Debug|x64.ActiveCfg = Debug|x64
		{06A5D602-50D3-41F8-8D42-E90FE2243EF5}.Debug|x64.Build.0 = Debug|x64
		{06A5D602-50D3-41F8-8D42-E90FE2243EF5}.Debug|x86.ActiveCfg = Debug|Win32
		{06A5D602-50D3-41F8-8D42-E90FE2243EF5}.Debug|x86.Build.0 = Debug|Win32
		{06A5D602-50D3-41F8-8D42-E90FE2243EF5}.Release|Any CPU.ActiveCfg = Release|x64
		{06A5D602-50D3-41F8-8D42-E90FE2243EF5}.Release|Any CPU.Build.0 = Release|x64
		{06A5D602-50D3-41F8-8D42-E90FE2243EF5}.Release|x64.ActiveCfg = Release|x64
		{06A5D602-50D3-41F8-8D42-E90FE2243EF5}.Release|x64.Build.0 = Release|x64
		{06A5D602-50D3-41F8-8D42-E90FE2243EF5}.Release|x86.ActiveCfg = Release|Win32
		{06A5D602-50D3-41F8-8D42-E90FE2243EF5}.Release|x86.Build.0 = Release|Win32
		{469F54EC-4811-405D-90CE-ED002AF4FC9E}.Debug|Any CPU.ActiveCfg = Debug|Any CPU
		{469F54EC-4811-405D-90CE-ED002AF4FC9E}.Debug|Any CPU.Build.0 = Debug|Any CPU
		{469F54EC-4811-405D-90CE-ED002AF4FC9E}.Debug|x64.ActiveCfg = Debug|Any CPU
		{469F54EC-4811-405D-90CE-ED002AF4FC9E}.Debug|x64.Build.0 = Debug|Any CPU
		{469F54EC-4811-405D-90CE-ED002AF4FC9E}.Debug|x86.ActiveCfg = Debug|Any CPU
		{469F54EC-4811-405D-90CE-ED002AF4FC9E}.Debug|x86.Build.0 = Debug|Any CPU
		{469F54EC-4811-405D-90CE-ED002AF4FC9E}.Release|Any CPU.ActiveCfg = Release|Any CPU
		{469F54EC-4811-405D-90CE-ED002AF4FC9E}.Release|Any CPU.Build.0 = Release|Any CPU
		{469F54EC-4811-405D-90CE-ED002AF4FC9E}.Release|x64.ActiveCfg = Release|Any CPU
		{469F54EC-4811-405D-90CE-ED002AF4FC9E}.Release|x64.Build.0 = Release|Any CPU
		{469F54EC-4811-405D-90CE-ED002AF4FC9E}.Release|x86.ActiveCfg = Release|Any CPU
		{469F54EC-4811-405D-90CE-ED002AF4FC9E}.Release|x86.Build.0 = Release|Any CPU
	EndGlobalSection
	GlobalSection(SolutionProperties) = preSolution
		HideSolutionNode = FALSE
	EndGlobalSection
	GlobalSection(ExtensibilityGlobals) = postSolution
		SolutionGuid = {FF9D9599-DC1C-4E25-AC5E-C7B98B1DCB30}
	EndGlobalSection
EndGlobal
